// !$*UTF8*$!
{
	archiveVersion = 1;
	classes = {
	};
	objectVersion = 56;
	objects = {

/* Begin PBXBuildFile section */
		3D19684129B5F58400541C8B /* VMGroupsList.swift in Sources */ = {isa = PBXBuildFile; fileRef = 3D19684029B5F58400541C8B /* VMGroupsList.swift */; };
		3D19687D29B604FB00541C8B /* UserSettings.swift in Sources */ = {isa = PBXBuildFile; fileRef = 3D19687C29B604FB00541C8B /* UserSettings.swift */; };
		3D19687F29B62B6600541C8B /* VMGroupDetailsView.swift in Sources */ = {isa = PBXBuildFile; fileRef = 3D19687E29B62B6600541C8B /* VMGroupDetailsView.swift */; };
		3D4BD95529BA1CE60039EBE9 /* VMSectionView.swift in Sources */ = {isa = PBXBuildFile; fileRef = 3D4BD95429BA1CE60039EBE9 /* VMSectionView.swift */; };
		3D4BD95729BA20FB0039EBE9 /* VMImageView.swift in Sources */ = {isa = PBXBuildFile; fileRef = 3D4BD95629BA20FB0039EBE9 /* VMImageView.swift */; };
		3DBDAC2329B27B65009D0F73 /* UTMSnapshotManagerApp.swift in Sources */ = {isa = PBXBuildFile; fileRef = 3DBDAC2229B27B65009D0F73 /* UTMSnapshotManagerApp.swift */; };
		3DBDAC2529B27B65009D0F73 /* MainView.swift in Sources */ = {isa = PBXBuildFile; fileRef = 3DBDAC2429B27B65009D0F73 /* MainView.swift */; };
		3DBDAC2729B27B66009D0F73 /* Assets.xcassets in Resources */ = {isa = PBXBuildFile; fileRef = 3DBDAC2629B27B66009D0F73 /* Assets.xcassets */; };
		3DBDAC2A29B27B66009D0F73 /* Preview Assets.xcassets in Resources */ = {isa = PBXBuildFile; fileRef = 3DBDAC2929B27B66009D0F73 /* Preview Assets.xcassets */; };
		3DBDAC5029B3642F009D0F73 /* QemuImg.swift in Sources */ = {isa = PBXBuildFile; fileRef = 3DBDAC4F29B3642F009D0F73 /* QemuImg.swift */; };
		3DBDAC5229B366BA009D0F73 /* Common.swift in Sources */ = {isa = PBXBuildFile; fileRef = 3DBDAC5129B366BA009D0F73 /* Common.swift */; };
		3DBDAC5429B36AE1009D0F73 /* FileManager.swift in Sources */ = {isa = PBXBuildFile; fileRef = 3DBDAC5329B36AE1009D0F73 /* FileManager.swift */; };
/* End PBXBuildFile section */

/* Begin PBXFileReference section */
		3D19684029B5F58400541C8B /* VMGroupsList.swift */ = {isa = PBXFileReference; lastKnownFileType = sourcecode.swift; path = VMGroupsList.swift; sourceTree = "<group>"; };
		3D19687C29B604FB00541C8B /* UserSettings.swift */ = {isa = PBXFileReference; lastKnownFileType = sourcecode.swift; path = UserSettings.swift; sourceTree = "<group>"; };
		3D19687E29B62B6600541C8B /* VMGroupDetailsView.swift */ = {isa = PBXFileReference; lastKnownFileType = sourcecode.swift; path = VMGroupDetailsView.swift; sourceTree = "<group>"; };
		3D4BD95429BA1CE60039EBE9 /* VMSectionView.swift */ = {isa = PBXFileReference; lastKnownFileType = sourcecode.swift; path = VMSectionView.swift; sourceTree = "<group>"; };
		3D4BD95629BA20FB0039EBE9 /* VMImageView.swift */ = {isa = PBXFileReference; lastKnownFileType = sourcecode.swift; path = VMImageView.swift; sourceTree = "<group>"; };
		3DBDAC1F29B27B65009D0F73 /* UTM Snapshot-Manager.app */ = {isa = PBXFileReference; explicitFileType = wrapper.application; includeInIndex = 0; path = "UTM Snapshot-Manager.app"; sourceTree = BUILT_PRODUCTS_DIR; };
		3DBDAC2229B27B65009D0F73 /* UTMSnapshotManagerApp.swift */ = {isa = PBXFileReference; lastKnownFileType = sourcecode.swift; path = UTMSnapshotManagerApp.swift; sourceTree = "<group>"; };
		3DBDAC2429B27B65009D0F73 /* MainView.swift */ = {isa = PBXFileReference; lastKnownFileType = sourcecode.swift; path = MainView.swift; sourceTree = "<group>"; };
		3DBDAC2629B27B66009D0F73 /* Assets.xcassets */ = {isa = PBXFileReference; lastKnownFileType = folder.assetcatalog; path = Assets.xcassets; sourceTree = "<group>"; };
		3DBDAC2929B27B66009D0F73 /* Preview Assets.xcassets */ = {isa = PBXFileReference; lastKnownFileType = folder.assetcatalog; path = "Preview Assets.xcassets"; sourceTree = "<group>"; };
		3DBDAC2B29B27B66009D0F73 /* UTMSnapshotManager.entitlements */ = {isa = PBXFileReference; lastKnownFileType = text.plist.entitlements; path = UTMSnapshotManager.entitlements; sourceTree = "<group>"; };
		3DBDAC4F29B3642F009D0F73 /* QemuImg.swift */ = {isa = PBXFileReference; lastKnownFileType = sourcecode.swift; path = QemuImg.swift; sourceTree = "<group>"; };
		3DBDAC5129B366BA009D0F73 /* Common.swift */ = {isa = PBXFileReference; lastKnownFileType = sourcecode.swift; path = Common.swift; sourceTree = "<group>"; };
		3DBDAC5329B36AE1009D0F73 /* FileManager.swift */ = {isa = PBXFileReference; lastKnownFileType = sourcecode.swift; path = FileManager.swift; sourceTree = "<group>"; };
/* End PBXFileReference section */

/* Begin PBXFrameworksBuildPhase section */
		3DBDAC1C29B27B65009D0F73 /* Frameworks */ = {
			isa = PBXFrameworksBuildPhase;
			buildActionMask = 2147483647;
			files = (
			);
			runOnlyForDeploymentPostprocessing = 0;
		};
/* End PBXFrameworksBuildPhase section */

/* Begin PBXGroup section */
		3D19684229B5F8E700541C8B /* UI */ = {
			isa = PBXGroup;
			children = (
				3DBDAC2429B27B65009D0F73 /* MainView.swift */,
				3D19684029B5F58400541C8B /* VMGroupsList.swift */,
				3D19687E29B62B6600541C8B /* VMGroupDetailsView.swift */,
				3D4BD95429BA1CE60039EBE9 /* VMSectionView.swift */,
				3D4BD95629BA20FB0039EBE9 /* VMImageView.swift */,
			);
			path = UI;
			sourceTree = "<group>";
		};
		3DBDAC1629B27B65009D0F73 = {
			isa = PBXGroup;
			children = (
				3DBDAC2129B27B65009D0F73 /* UTM Snapshot-Manager */,
				3DBDAC2029B27B65009D0F73 /* Products */,
			);
			sourceTree = "<group>";
		};
		3DBDAC2029B27B65009D0F73 /* Products */ = {
			isa = PBXGroup;
			children = (
				3DBDAC1F29B27B65009D0F73 /* UTM Snapshot-Manager.app */,
			);
			name = Products;
			sourceTree = "<group>";
		};
		3DBDAC2129B27B65009D0F73 /* UTM Snapshot-Manager */ = {
			isa = PBXGroup;
			children = (
				3D19684229B5F8E700541C8B /* UI */,
				3DBDAC5129B366BA009D0F73 /* Common.swift */,
				3DBDAC5329B36AE1009D0F73 /* FileManager.swift */,
				3DBDAC4F29B3642F009D0F73 /* QemuImg.swift */,
				3D19687C29B604FB00541C8B /* UserSettings.swift */,
				3DBDAC2829B27B66009D0F73 /* Preview Content */,
				3DBDAC2229B27B65009D0F73 /* UTMSnapshotManagerApp.swift */,
				3DBDAC2B29B27B66009D0F73 /* UTMSnapshotManager.entitlements */,
				3DBDAC2629B27B66009D0F73 /* Assets.xcassets */,
			);
			path = "UTM Snapshot-Manager";
			sourceTree = "<group>";
		};
		3DBDAC2829B27B66009D0F73 /* Preview Content */ = {
			isa = PBXGroup;
			children = (
				3DBDAC2929B27B66009D0F73 /* Preview Assets.xcassets */,
			);
			path = "Preview Content";
			sourceTree = "<group>";
		};
/* End PBXGroup section */

/* Begin PBXNativeTarget section */
		3DBDAC1E29B27B65009D0F73 /* UTM Snapshot-Manager */ = {
			isa = PBXNativeTarget;
			buildConfigurationList = 3DBDAC4429B27B66009D0F73 /* Build configuration list for PBXNativeTarget "UTM Snapshot-Manager" */;
			buildPhases = (
				3DBDAC1B29B27B65009D0F73 /* Sources */,
				3DBDAC1C29B27B65009D0F73 /* Frameworks */,
				3DBDAC1D29B27B65009D0F73 /* Resources */,
			);
			buildRules = (
			);
			dependencies = (
			);
			name = "UTM Snapshot-Manager";
			packageProductDependencies = (
			);
			productName = "UTM Snapshot-Manager";
			productReference = 3DBDAC1F29B27B65009D0F73 /* UTM Snapshot-Manager.app */;
			productType = "com.apple.product-type.application";
		};
/* End PBXNativeTarget section */

/* Begin PBXProject section */
		3DBDAC1729B27B65009D0F73 /* Project object */ = {
			isa = PBXProject;
			attributes = {
				BuildIndependentTargetsInParallel = 1;
				LastSwiftUpdateCheck = 1420;
				LastUpgradeCheck = 1420;
				TargetAttributes = {
					3DBDAC1E29B27B65009D0F73 = {
						CreatedOnToolsVersion = 14.2;
					};
				};
			};
			buildConfigurationList = 3DBDAC1A29B27B65009D0F73 /* Build configuration list for PBXProject "UTM Snapshot-Manager" */;
			compatibilityVersion = "Xcode 14.0";
			developmentRegion = en;
			hasScannedForEncodings = 0;
			knownRegions = (
				en,
				Base,
			);
			mainGroup = 3DBDAC1629B27B65009D0F73;
			packageReferences = (
			);
			productRefGroup = 3DBDAC2029B27B65009D0F73 /* Products */;
			projectDirPath = "";
			projectRoot = "";
			targets = (
				3DBDAC1E29B27B65009D0F73 /* UTM Snapshot-Manager */,
			);
		};
/* End PBXProject section */

/* Begin PBXResourcesBuildPhase section */
		3DBDAC1D29B27B65009D0F73 /* Resources */ = {
			isa = PBXResourcesBuildPhase;
			buildActionMask = 2147483647;
			files = (
				3DBDAC2A29B27B66009D0F73 /* Preview Assets.xcassets in Resources */,
				3DBDAC2729B27B66009D0F73 /* Assets.xcassets in Resources */,
			);
			runOnlyForDeploymentPostprocessing = 0;
		};
/* End PBXResourcesBuildPhase section */

/* Begin PBXSourcesBuildPhase section */
		3DBDAC1B29B27B65009D0F73 /* Sources */ = {
			isa = PBXSourcesBuildPhase;
			buildActionMask = 2147483647;
			files = (
				3DBDAC5229B366BA009D0F73 /* Common.swift in Sources */,
				3DBDAC2529B27B65009D0F73 /* MainView.swift in Sources */,
				3DBDAC2329B27B65009D0F73 /* UTMSnapshotManagerApp.swift in Sources */,
				3D4BD95729BA20FB0039EBE9 /* VMImageView.swift in Sources */,
				3D4BD95529BA1CE60039EBE9 /* VMSectionView.swift in Sources */,
				3DBDAC5029B3642F009D0F73 /* QemuImg.swift in Sources */,
				3D19687F29B62B6600541C8B /* VMGroupDetailsView.swift in Sources */,
				3D19687D29B604FB00541C8B /* UserSettings.swift in Sources */,
				3DBDAC5429B36AE1009D0F73 /* FileManager.swift in Sources */,
				3D19684129B5F58400541C8B /* VMGroupsList.swift in Sources */,
			);
			runOnlyForDeploymentPostprocessing = 0;
		};
/* End PBXSourcesBuildPhase section */

/* Begin XCBuildConfiguration section */
		3DBDAC4229B27B66009D0F73 /* Debug */ = {
			isa = XCBuildConfiguration;
			buildSettings = {
				ALWAYS_SEARCH_USER_PATHS = NO;
				ASSETCATALOG_COMPILER_APPICON_NAME = AppIcon;
				CLANG_ANALYZER_NONNULL = YES;
				CLANG_ANALYZER_NUMBER_OBJECT_CONVERSION = YES_AGGRESSIVE;
				CLANG_CXX_LANGUAGE_STANDARD = "gnu++20";
				CLANG_ENABLE_MODULES = YES;
				CLANG_ENABLE_OBJC_ARC = YES;
				CLANG_ENABLE_OBJC_WEAK = YES;
				CLANG_WARN_BLOCK_CAPTURE_AUTORELEASING = YES;
				CLANG_WARN_BOOL_CONVERSION = YES;
				CLANG_WARN_COMMA = YES;
				CLANG_WARN_CONSTANT_CONVERSION = YES;
				CLANG_WARN_DEPRECATED_OBJC_IMPLEMENTATIONS = YES;
				CLANG_WARN_DIRECT_OBJC_ISA_USAGE = YES_ERROR;
				CLANG_WARN_DOCUMENTATION_COMMENTS = YES;
				CLANG_WARN_EMPTY_BODY = YES;
				CLANG_WARN_ENUM_CONVERSION = YES;
				CLANG_WARN_INFINITE_RECURSION = YES;
				CLANG_WARN_INT_CONVERSION = YES;
				CLANG_WARN_NON_LITERAL_NULL_CONVERSION = YES;
				CLANG_WARN_OBJC_IMPLICIT_RETAIN_SELF = YES;
				CLANG_WARN_OBJC_LITERAL_CONVERSION = YES;
				CLANG_WARN_OBJC_ROOT_CLASS = YES_ERROR;
				CLANG_WARN_QUOTED_INCLUDE_IN_FRAMEWORK_HEADER = YES;
				CLANG_WARN_RANGE_LOOP_ANALYSIS = YES;
				CLANG_WARN_STRICT_PROTOTYPES = YES;
				CLANG_WARN_SUSPICIOUS_MOVE = YES;
				CLANG_WARN_UNGUARDED_AVAILABILITY = YES_AGGRESSIVE;
				CLANG_WARN_UNREACHABLE_CODE = YES;
				CLANG_WARN__DUPLICATE_METHOD_MATCH = YES;
				COPY_PHASE_STRIP = NO;
				DEBUG_INFORMATION_FORMAT = dwarf;
				ENABLE_STRICT_OBJC_MSGSEND = YES;
				ENABLE_TESTABILITY = YES;
				GCC_C_LANGUAGE_STANDARD = gnu11;
				GCC_DYNAMIC_NO_PIC = NO;
				GCC_NO_COMMON_BLOCKS = YES;
				GCC_OPTIMIZATION_LEVEL = 0;
				GCC_PREPROCESSOR_DEFINITIONS = (
					"DEBUG=1",
					"$(inherited)",
				);
				GCC_WARN_64_TO_32_BIT_CONVERSION = YES;
				GCC_WARN_ABOUT_RETURN_TYPE = YES_ERROR;
				GCC_WARN_UNDECLARED_SELECTOR = YES;
				GCC_WARN_UNINITIALIZED_AUTOS = YES_AGGRESSIVE;
				GCC_WARN_UNUSED_FUNCTION = YES;
				GCC_WARN_UNUSED_VARIABLE = YES;
				MACOSX_DEPLOYMENT_TARGET = 13.1;
				MTL_ENABLE_DEBUG_INFO = INCLUDE_SOURCE;
				MTL_FAST_MATH = YES;
				ONLY_ACTIVE_ARCH = YES;
				SDKROOT = macosx;
				SWIFT_ACTIVE_COMPILATION_CONDITIONS = DEBUG;
				SWIFT_OPTIMIZATION_LEVEL = "-Onone";
			};
			name = Debug;
		};
		3DBDAC4329B27B66009D0F73 /* Release */ = {
			isa = XCBuildConfiguration;
			buildSettings = {
				ALWAYS_SEARCH_USER_PATHS = NO;
				ASSETCATALOG_COMPILER_APPICON_NAME = AppIcon;
				CLANG_ANALYZER_NONNULL = YES;
				CLANG_ANALYZER_NUMBER_OBJECT_CONVERSION = YES_AGGRESSIVE;
				CLANG_CXX_LANGUAGE_STANDARD = "gnu++20";
				CLANG_ENABLE_MODULES = YES;
				CLANG_ENABLE_OBJC_ARC = YES;
				CLANG_ENABLE_OBJC_WEAK = YES;
				CLANG_WARN_BLOCK_CAPTURE_AUTORELEASING = YES;
				CLANG_WARN_BOOL_CONVERSION = YES;
				CLANG_WARN_COMMA = YES;
				CLANG_WARN_CONSTANT_CONVERSION = YES;
				CLANG_WARN_DEPRECATED_OBJC_IMPLEMENTATIONS = YES;
				CLANG_WARN_DIRECT_OBJC_ISA_USAGE = YES_ERROR;
				CLANG_WARN_DOCUMENTATION_COMMENTS = YES;
				CLANG_WARN_EMPTY_BODY = YES;
				CLANG_WARN_ENUM_CONVERSION = YES;
				CLANG_WARN_INFINITE_RECURSION = YES;
				CLANG_WARN_INT_CONVERSION = YES;
				CLANG_WARN_NON_LITERAL_NULL_CONVERSION = YES;
				CLANG_WARN_OBJC_IMPLICIT_RETAIN_SELF = YES;
				CLANG_WARN_OBJC_LITERAL_CONVERSION = YES;
				CLANG_WARN_OBJC_ROOT_CLASS = YES_ERROR;
				CLANG_WARN_QUOTED_INCLUDE_IN_FRAMEWORK_HEADER = YES;
				CLANG_WARN_RANGE_LOOP_ANALYSIS = YES;
				CLANG_WARN_STRICT_PROTOTYPES = YES;
				CLANG_WARN_SUSPICIOUS_MOVE = YES;
				CLANG_WARN_UNGUARDED_AVAILABILITY = YES_AGGRESSIVE;
				CLANG_WARN_UNREACHABLE_CODE = YES;
				CLANG_WARN__DUPLICATE_METHOD_MATCH = YES;
				COPY_PHASE_STRIP = NO;
				DEBUG_INFORMATION_FORMAT = "dwarf-with-dsym";
				ENABLE_NS_ASSERTIONS = NO;
				ENABLE_STRICT_OBJC_MSGSEND = YES;
				GCC_C_LANGUAGE_STANDARD = gnu11;
				GCC_NO_COMMON_BLOCKS = YES;
				GCC_WARN_64_TO_32_BIT_CONVERSION = YES;
				GCC_WARN_ABOUT_RETURN_TYPE = YES_ERROR;
				GCC_WARN_UNDECLARED_SELECTOR = YES;
				GCC_WARN_UNINITIALIZED_AUTOS = YES_AGGRESSIVE;
				GCC_WARN_UNUSED_FUNCTION = YES;
				GCC_WARN_UNUSED_VARIABLE = YES;
				MACOSX_DEPLOYMENT_TARGET = 13.1;
				MTL_ENABLE_DEBUG_INFO = NO;
				MTL_FAST_MATH = YES;
				SDKROOT = macosx;
				SWIFT_COMPILATION_MODE = wholemodule;
				SWIFT_OPTIMIZATION_LEVEL = "-O";
			};
			name = Release;
		};
		3DBDAC4529B27B66009D0F73 /* Debug */ = {
			isa = XCBuildConfiguration;
			buildSettings = {
				ASSETCATALOG_COMPILER_APPICON_NAME = AppIcon;
				ASSETCATALOG_COMPILER_GLOBAL_ACCENT_COLOR_NAME = AccentColor;
				CODE_SIGN_ENTITLEMENTS = "UTM Snapshot-Manager/UTMSnapshotManager.entitlements";
				CODE_SIGN_STYLE = Automatic;
				COMBINE_HIDPI_IMAGES = YES;
				CURRENT_PROJECT_VERSION = 1;
				DEVELOPMENT_ASSET_PATHS = "\"UTM Snapshot-Manager/Preview Content\"";
				DEVELOPMENT_TEAM = 2C77986N3B;
				ENABLE_HARDENED_RUNTIME = YES;
				ENABLE_PREVIEWS = YES;
				GENERATE_INFOPLIST_FILE = YES;
				INFOPLIST_KEY_NSHumanReadableCopyright = "";
				LD_RUNPATH_SEARCH_PATHS = (
					"$(inherited)",
					"@executable_path/../Frameworks",
				);
				MARKETING_VERSION = 1.0;
				PRODUCT_BUNDLE_IDENTIFIER = "com.jaymagnum.UTM-Snapshot-Manager";
				PRODUCT_MODULE_NAME = UTMSnapshotManager;
				PRODUCT_NAME = "$(TARGET_NAME)";
				SWIFT_EMIT_LOC_STRINGS = YES;
				SWIFT_VERSION = 5.0;
			};
			name = Debug;
		};
		3DBDAC4629B27B66009D0F73 /* Release */ = {
			isa = XCBuildConfiguration;
			buildSettings = {
				ASSETCATALOG_COMPILER_APPICON_NAME = AppIcon;
				ASSETCATALOG_COMPILER_GLOBAL_ACCENT_COLOR_NAME = AccentColor;
				CODE_SIGN_ENTITLEMENTS = "UTM Snapshot-Manager/UTMSnapshotManager.entitlements";
				CODE_SIGN_STYLE = Automatic;
				COMBINE_HIDPI_IMAGES = YES;
				CURRENT_PROJECT_VERSION = 1;
				DEVELOPMENT_ASSET_PATHS = "\"UTM Snapshot-Manager/Preview Content\"";
				DEVELOPMENT_TEAM = 2C77986N3B;
				ENABLE_HARDENED_RUNTIME = YES;
				ENABLE_PREVIEWS = YES;
				GENERATE_INFOPLIST_FILE = YES;
				INFOPLIST_KEY_NSHumanReadableCopyright = "";
				LD_RUNPATH_SEARCH_PATHS = (
					"$(inherited)",
					"@executable_path/../Frameworks",
				);
				MARKETING_VERSION = 1.0;
				PRODUCT_BUNDLE_IDENTIFIER = "com.jaymagnum.UTM-Snapshot-Manager";
				PRODUCT_MODULE_NAME = UTMSnapshotManager;
				PRODUCT_NAME = "$(TARGET_NAME)";
				SWIFT_EMIT_LOC_STRINGS = YES;
				SWIFT_VERSION = 5.0;
			};
			name = Release;
		};
/* End XCBuildConfiguration section */

/* Begin XCConfigurationList section */
		3DBDAC1A29B27B65009D0F73 /* Build configuration list for PBXProject "UTM Snapshot-Manager" */ = {
			isa = XCConfigurationList;
			buildConfigurations = (
				3DBDAC4229B27B66009D0F73 /* Debug */,
				3DBDAC4329B27B66009D0F73 /* Release */,
			);
			defaultConfigurationIsVisible = 0;
			defaultConfigurationName = Release;
		};
		3DBDAC4429B27B66009D0F73 /* Build configuration list for PBXNativeTarget "UTM Snapshot-Manager" */ = {
			isa = XCConfigurationList;
			buildConfigurations = (
				3DBDAC4529B27B66009D0F73 /* Debug */,
				3DBDAC4629B27B66009D0F73 /* Release */,
			);
			defaultConfigurationIsVisible = 0;
			defaultConfigurationName = Release;
		};
/* End XCConfigurationList section */
	};
	rootObject = 3DBDAC1729B27B65009D0F73 /* Project object */;
}
